
Microsoft Visual Studio Solution File, Format Version 12.00
# Visual Studio 15
VisualStudioVersion = 15.0.27703.2026
MinimumVisualStudioVersion = 10.0.40219.1
Project("{FAE04EC0-301F-11D3-BF4B-00C04F79EFBC}") = "FolderInfo", "FolderInfo\FolderInfo.csproj", "{5C22DA27-A636-4976-AB59-913045C54C64}"
EndProject
Global
	GlobalSection(SolutionConfigurationPlatforms) = preSolution
		Debug|Any CPU = Debug|Any CPU
		Release|Any CPU = Release|Any CPU
	EndGlobalSection
	GlobalSection(ProjectConfigurationPlatforms) = postSolution
		{5C22DA27-A636-4976-AB59-913045C54C64}.Debug|Any CPU.ActiveCfg = Debug|Any CPU
		{5C22DA27-A636-4976-AB59-913045C54C64}.Debug|Any CPU.Build.0 = Debug|Any CPU
		{5C22DA27-A636-4976-AB59-913045C54C64}.Release|Any CPU.ActiveCfg = Release|Any CPU
		{5C22DA27-A636-4976-AB59-913045C54C64}.Release|Any CPU.Build.0 = Release|Any CPU
	EndGlobalSection
	GlobalSection(SolutionProperties) = preSolution
		HideSolutionNode = FALSE
	EndGlobalSection
	GlobalSection(ExtensibilityGlobals) = postSolution
		SolutionGuid = {1193D562-D213-4A7D-8AFB-D9059E94D910}
	EndGlobalSection
EndGlobal
